// !$*UTF8*$!
{
	archiveVersion = 1;
	classes = {
	};
	objectVersion = 48;
	objects = {

/* Begin PBXBuildFile section */
		311E21B8207E588900D24B59 /* HSBColorPicker.swift in Sources */ = {isa = PBXBuildFile; fileRef = 311E21B7207E588900D24B59 /* HSBColorPicker.swift */; };
		311E21BF207E7BA800D24B59 /* ColorPickerViewController.swift in Sources */ = {isa = PBXBuildFile; fileRef = 311E21BE207E7BA800D24B59 /* ColorPickerViewController.swift */; };
		315C307E207A6EB100597549 /* LevelTableViewController.swift in Sources */ = {isa = PBXBuildFile; fileRef = 315C307D207A6EB100597549 /* LevelTableViewController.swift */; };
		31934E0C2063F0B200B999DD /* BBTRobotBLEPeripheral.swift in Sources */ = {isa = PBXBuildFile; fileRef = 31934E0A2063F0B200B999DD /* BBTRobotBLEPeripheral.swift */; };
		31934E0D2063F0B200B999DD /* HummingbirdPeripheral.swift in Sources */ = {isa = PBXBuildFile; fileRef = 31934E0B2063F0B200B999DD /* HummingbirdPeripheral.swift */; };
		31934E0F2063F1B600B999DD /* BBTRobotState.swift in Sources */ = {isa = PBXBuildFile; fileRef = 31934E0E2063F1B600B999DD /* BBTRobotState.swift */; };
		31934E112063F1FD00B999DD /* SharedUtilities.swift in Sources */ = {isa = PBXBuildFile; fileRef = 31934E102063F1FD00B999DD /* SharedUtilities.swift */; };
		31934E132063F2E300B999DD /* BLECentralManager.swift in Sources */ = {isa = PBXBuildFile; fileRef = 31934E122063F2E300B999DD /* BLECentralManager.swift */; };
		31934E152063F31800B999DD /* HummingbirdUtilities.swift in Sources */ = {isa = PBXBuildFile; fileRef = 31934E142063F31700B999DD /* HummingbirdUtilities.swift */; };
		31934E172063F32400B999DD /* FinchPeripheral.swift in Sources */ = {isa = PBXBuildFile; fileRef = 31934E162063F32400B999DD /* FinchPeripheral.swift */; };
		31934E192063F32C00B999DD /* FlutterPeripheral.swift in Sources */ = {isa = PBXBuildFile; fileRef = 31934E182063F32C00B999DD /* FlutterPeripheral.swift */; };
		31934E1B2063F3E000B999DD /* FlutterUtilities.swift in Sources */ = {isa = PBXBuildFile; fileRef = 31934E1A2063F3E000B999DD /* FlutterUtilities.swift */; };
		31934E1D2066EDFA00B999DD /* BluetoothDeviceNames.plist in Resources */ = {isa = PBXBuildFile; fileRef = 31934E1C2066EDFA00B999DD /* BluetoothDeviceNames.plist */; };
		31A353C620614DED003928E9 /* AppDelegate.swift in Sources */ = {isa = PBXBuildFile; fileRef = 31A353C520614DED003928E9 /* AppDelegate.swift */; };
		31A353C820614DED003928E9 /* ViewController.swift in Sources */ = {isa = PBXBuildFile; fileRef = 31A353C720614DED003928E9 /* ViewController.swift */; };
		31A353CB20614DED003928E9 /* Main.storyboard in Resources */ = {isa = PBXBuildFile; fileRef = 31A353C920614DED003928E9 /* Main.storyboard */; };
		31A353CE20614DED003928E9 /* FinchApp.xcdatamodeld in Sources */ = {isa = PBXBuildFile; fileRef = 31A353CC20614DED003928E9 /* FinchApp.xcdatamodeld */; };
		31A353D020614DED003928E9 /* Assets.xcassets in Resources */ = {isa = PBXBuildFile; fileRef = 31A353CF20614DED003928E9 /* Assets.xcassets */; };
		31A353D320614DED003928E9 /* LaunchScreen.storyboard in Resources */ = {isa = PBXBuildFile; fileRef = 31A353D120614DED003928E9 /* LaunchScreen.storyboard */; };
		31A353DE20614DED003928E9 /* FinchAppTests.swift in Sources */ = {isa = PBXBuildFile; fileRef = 31A353DD20614DED003928E9 /* FinchAppTests.swift */; };
		31A353E920614DEE003928E9 /* FinchAppUITests.swift in Sources */ = {isa = PBXBuildFile; fileRef = 31A353E820614DEE003928E9 /* FinchAppUITests.swift */; };
		31A353FA2061509D003928E9 /* TopMenuViewController.swift in Sources */ = {isa = PBXBuildFile; fileRef = 31A353F82061509D003928E9 /* TopMenuViewController.swift */; };
		31A353FB2061509D003928E9 /* TopMenuViewController.xib in Resources */ = {isa = PBXBuildFile; fileRef = 31A353F92061509D003928E9 /* TopMenuViewController.xib */; };
		31A353FD20615E97003928E9 /* Block.swift in Sources */ = {isa = PBXBuildFile; fileRef = 31A353FC20615E97003928E9 /* Block.swift */; };
		31CC1A812061807E00548D12 /* RobotsTableViewController.swift in Sources */ = {isa = PBXBuildFile; fileRef = 31CC1A802061807E00548D12 /* RobotsTableViewController.swift */; };
/* End PBXBuildFile section */

/* Begin PBXContainerItemProxy section */
		31A353DA20614DED003928E9 /* PBXContainerItemProxy */ = {
			isa = PBXContainerItemProxy;
			containerPortal = 31A353BA20614DED003928E9 /* Project object */;
			proxyType = 1;
			remoteGlobalIDString = 31A353C120614DED003928E9;
			remoteInfo = FinchApp;
		};
		31A353E520614DED003928E9 /* PBXContainerItemProxy */ = {
			isa = PBXContainerItemProxy;
			containerPortal = 31A353BA20614DED003928E9 /* Project object */;
			proxyType = 1;
			remoteGlobalIDString = 31A353C120614DED003928E9;
			remoteInfo = FinchApp;
		};
/* End PBXContainerItemProxy section */

/* Begin PBXFileReference section */
		311E21B7207E588900D24B59 /* HSBColorPicker.swift */ = {isa = PBXFileReference; lastKnownFileType = sourcecode.swift; path = HSBColorPicker.swift; sourceTree = "<group>"; };
		311E21BE207E7BA800D24B59 /* ColorPickerViewController.swift */ = {isa = PBXFileReference; lastKnownFileType = sourcecode.swift; path = ColorPickerViewController.swift; sourceTree = "<group>"; };
		315C307D207A6EB100597549 /* LevelTableViewController.swift */ = {isa = PBXFileReference; lastKnownFileType = sourcecode.swift; path = LevelTableViewController.swift; sourceTree = "<group>"; };
		31934E0A2063F0B200B999DD /* BBTRobotBLEPeripheral.swift */ = {isa = PBXFileReference; fileEncoding = 4; lastKnownFileType = sourcecode.swift; path = BBTRobotBLEPeripheral.swift; sourceTree = "<group>"; };
		31934E0B2063F0B200B999DD /* HummingbirdPeripheral.swift */ = {isa = PBXFileReference; fileEncoding = 4; lastKnownFileType = sourcecode.swift; path = HummingbirdPeripheral.swift; sourceTree = "<group>"; };
		31934E0E2063F1B600B999DD /* BBTRobotState.swift */ = {isa = PBXFileReference; fileEncoding = 4; lastKnownFileType = sourcecode.swift; path = BBTRobotState.swift; sourceTree = "<group>"; };
		31934E102063F1FD00B999DD /* SharedUtilities.swift */ = {isa = PBXFileReference; fileEncoding = 4; lastKnownFileType = sourcecode.swift; path = SharedUtilities.swift; sourceTree = "<group>"; };
		31934E122063F2E300B999DD /* BLECentralManager.swift */ = {isa = PBXFileReference; fileEncoding = 4; lastKnownFileType = sourcecode.swift; path = BLECentralManager.swift; sourceTree = "<group>"; };
		31934E142063F31700B999DD /* HummingbirdUtilities.swift */ = {isa = PBXFileReference; fileEncoding = 4; lastKnownFileType = sourcecode.swift; path = HummingbirdUtilities.swift; sourceTree = "<group>"; };
		31934E162063F32400B999DD /* FinchPeripheral.swift */ = {isa = PBXFileReference; fileEncoding = 4; lastKnownFileType = sourcecode.swift; path = FinchPeripheral.swift; sourceTree = "<group>"; };
		31934E182063F32C00B999DD /* FlutterPeripheral.swift */ = {isa = PBXFileReference; fileEncoding = 4; lastKnownFileType = sourcecode.swift; path = FlutterPeripheral.swift; sourceTree = "<group>"; };
		31934E1A2063F3E000B999DD /* FlutterUtilities.swift */ = {isa = PBXFileReference; fileEncoding = 4; lastKnownFileType = sourcecode.swift; path = FlutterUtilities.swift; sourceTree = "<group>"; };
		31934E1C2066EDFA00B999DD /* BluetoothDeviceNames.plist */ = {isa = PBXFileReference; fileEncoding = 4; lastKnownFileType = text.plist.xml; path = BluetoothDeviceNames.plist; sourceTree = "<group>"; };
		31A353C220614DED003928E9 /* FinchApp.app */ = {isa = PBXFileReference; explicitFileType = wrapper.application; includeInIndex = 0; path = FinchApp.app; sourceTree = BUILT_PRODUCTS_DIR; };
		31A353C520614DED003928E9 /* AppDelegate.swift */ = {isa = PBXFileReference; lastKnownFileType = sourcecode.swift; path = AppDelegate.swift; sourceTree = "<group>"; };
		31A353C720614DED003928E9 /* ViewController.swift */ = {isa = PBXFileReference; lastKnownFileType = sourcecode.swift; path = ViewController.swift; sourceTree = "<group>"; };
		31A353CA20614DED003928E9 /* Base */ = {isa = PBXFileReference; lastKnownFileType = file.storyboard; name = Base; path = Base.lproj/Main.storyboard; sourceTree = "<group>"; };
		31A353CD20614DED003928E9 /* FinchApp.xcdatamodel */ = {isa = PBXFileReference; lastKnownFileType = wrapper.xcdatamodel; path = FinchApp.xcdatamodel; sourceTree = "<group>"; };
		31A353CF20614DED003928E9 /* Assets.xcassets */ = {isa = PBXFileReference; lastKnownFileType = folder.assetcatalog; path = Assets.xcassets; sourceTree = "<group>"; };
		31A353D220614DED003928E9 /* Base */ = {isa = PBXFileReference; lastKnownFileType = file.storyboard; name = Base; path = Base.lproj/LaunchScreen.storyboard; sourceTree = "<group>"; };
		31A353D420614DED003928E9 /* Info.plist */ = {isa = PBXFileReference; lastKnownFileType = text.plist.xml; path = Info.plist; sourceTree = "<group>"; };
		31A353D920614DED003928E9 /* FinchAppTests.xctest */ = {isa = PBXFileReference; explicitFileType = wrapper.cfbundle; includeInIndex = 0; path = FinchAppTests.xctest; sourceTree = BUILT_PRODUCTS_DIR; };
		31A353DD20614DED003928E9 /* FinchAppTests.swift */ = {isa = PBXFileReference; lastKnownFileType = sourcecode.swift; path = FinchAppTests.swift; sourceTree = "<group>"; };
		31A353DF20614DED003928E9 /* Info.plist */ = {isa = PBXFileReference; lastKnownFileType = text.plist.xml; path = Info.plist; sourceTree = "<group>"; };
		31A353E420614DED003928E9 /* FinchAppUITests.xctest */ = {isa = PBXFileReference; explicitFileType = wrapper.cfbundle; includeInIndex = 0; path = FinchAppUITests.xctest; sourceTree = BUILT_PRODUCTS_DIR; };
		31A353E820614DEE003928E9 /* FinchAppUITests.swift */ = {isa = PBXFileReference; lastKnownFileType = sourcecode.swift; path = FinchAppUITests.swift; sourceTree = "<group>"; };
		31A353EA20614DEE003928E9 /* Info.plist */ = {isa = PBXFileReference; lastKnownFileType = text.plist.xml; path = Info.plist; sourceTree = "<group>"; };
		31A353F82061509D003928E9 /* TopMenuViewController.swift */ = {isa = PBXFileReference; lastKnownFileType = sourcecode.swift; path = TopMenuViewController.swift; sourceTree = "<group>"; };
		31A353F92061509D003928E9 /* TopMenuViewController.xib */ = {isa = PBXFileReference; lastKnownFileType = file.xib; path = TopMenuViewController.xib; sourceTree = "<group>"; };
		31A353FC20615E97003928E9 /* Block.swift */ = {isa = PBXFileReference; lastKnownFileType = sourcecode.swift; path = Block.swift; sourceTree = "<group>"; };
		31CC1A802061807E00548D12 /* RobotsTableViewController.swift */ = {isa = PBXFileReference; lastKnownFileType = sourcecode.swift; path = RobotsTableViewController.swift; sourceTree = "<group>"; };
/* End PBXFileReference section */

/* Begin PBXFrameworksBuildPhase section */
		31A353BF20614DED003928E9 /* Frameworks */ = {
			isa = PBXFrameworksBuildPhase;
			buildActionMask = 2147483647;
			files = (
			);
			runOnlyForDeploymentPostprocessing = 0;
		};
		31A353D620614DED003928E9 /* Frameworks */ = {
			isa = PBXFrameworksBuildPhase;
			buildActionMask = 2147483647;
			files = (
			);
			runOnlyForDeploymentPostprocessing = 0;
		};
		31A353E120614DED003928E9 /* Frameworks */ = {
			isa = PBXFrameworksBuildPhase;
			buildActionMask = 2147483647;
			files = (
			);
			runOnlyForDeploymentPostprocessing = 0;
		};
/* End PBXFrameworksBuildPhase section */

/* Begin PBXGroup section */
		311E21B9207E735100D24B59 /* Blocks */ = {
			isa = PBXGroup;
			children = (
				31A353FC20615E97003928E9 /* Block.swift */,
				311E21B7207E588900D24B59 /* HSBColorPicker.swift */,
				311E21BE207E7BA800D24B59 /* ColorPickerViewController.swift */,
			);
			path = Blocks;
			sourceTree = "<group>";
		};
		31934E092063F09F00B999DD /* Robots */ = {
			isa = PBXGroup;
			children = (
				31934E102063F1FD00B999DD /* SharedUtilities.swift */,
				31934E142063F31700B999DD /* HummingbirdUtilities.swift */,
				31934E1A2063F3E000B999DD /* FlutterUtilities.swift */,
				31934E0E2063F1B600B999DD /* BBTRobotState.swift */,
				31934E122063F2E300B999DD /* BLECentralManager.swift */,
				31934E0A2063F0B200B999DD /* BBTRobotBLEPeripheral.swift */,
				31934E0B2063F0B200B999DD /* HummingbirdPeripheral.swift */,
				31934E162063F32400B999DD /* FinchPeripheral.swift */,
				31934E182063F32C00B999DD /* FlutterPeripheral.swift */,
				31934E1C2066EDFA00B999DD /* BluetoothDeviceNames.plist */,
			);
			path = Robots;
			sourceTree = "<group>";
		};
		31934E1E2069264000B999DD /* TopMenu */ = {
			isa = PBXGroup;
			children = (
				31CC1A802061807E00548D12 /* RobotsTableViewController.swift */,
				31A353F82061509D003928E9 /* TopMenuViewController.swift */,
				315C307D207A6EB100597549 /* LevelTableViewController.swift */,
				31A353F92061509D003928E9 /* TopMenuViewController.xib */,
			);
			path = TopMenu;
			sourceTree = "<group>";
		};
		31A353B920614DED003928E9 = {
			isa = PBXGroup;
			children = (
				31A353C420614DED003928E9 /* FinchApp */,
				31A353DC20614DED003928E9 /* FinchAppTests */,
				31A353E720614DED003928E9 /* FinchAppUITests */,
				31A353C320614DED003928E9 /* Products */,
			);
			sourceTree = "<group>";
		};
		31A353C320614DED003928E9 /* Products */ = {
			isa = PBXGroup;
			children = (
				31A353C220614DED003928E9 /* FinchApp.app */,
				31A353D920614DED003928E9 /* FinchAppTests.xctest */,
				31A353E420614DED003928E9 /* FinchAppUITests.xctest */,
			);
			name = Products;
			sourceTree = "<group>";
		};
		31A353C420614DED003928E9 /* FinchApp */ = {
			isa = PBXGroup;
			children = (
				31934E1E2069264000B999DD /* TopMenu */,
				31934E092063F09F00B999DD /* Robots */,
				311E21B9207E735100D24B59 /* Blocks */,
				31A353C520614DED003928E9 /* AppDelegate.swift */,
				31A353C720614DED003928E9 /* ViewController.swift */,
				31A353C920614DED003928E9 /* Main.storyboard */,
				31A353CF20614DED003928E9 /* Assets.xcassets */,
				31A353D120614DED003928E9 /* LaunchScreen.storyboard */,
				31A353D420614DED003928E9 /* Info.plist */,
				31A353CC20614DED003928E9 /* FinchApp.xcdatamodeld */,
			);
			path = FinchApp;
			sourceTree = "<group>";
		};
		31A353DC20614DED003928E9 /* FinchAppTests */ = {
			isa = PBXGroup;
			children = (
				31A353DD20614DED003928E9 /* FinchAppTests.swift */,
				31A353DF20614DED003928E9 /* Info.plist */,
			);
			path = FinchAppTests;
			sourceTree = "<group>";
		};
		31A353E720614DED003928E9 /* FinchAppUITests */ = {
			isa = PBXGroup;
			children = (
				31A353E820614DEE003928E9 /* FinchAppUITests.swift */,
				31A353EA20614DEE003928E9 /* Info.plist */,
			);
			path = FinchAppUITests;
			sourceTree = "<group>";
		};
/* End PBXGroup section */

/* Begin PBXNativeTarget section */
		31A353C120614DED003928E9 /* FinchApp */ = {
			isa = PBXNativeTarget;
			buildConfigurationList = 31A353ED20614DEE003928E9 /* Build configuration list for PBXNativeTarget "FinchApp" */;
			buildPhases = (
				31A353BE20614DED003928E9 /* Sources */,
				31A353BF20614DED003928E9 /* Frameworks */,
				31A353C020614DED003928E9 /* Resources */,
			);
			buildRules = (
			);
			dependencies = (
			);
			name = FinchApp;
			productName = FinchApp;
			productReference = 31A353C220614DED003928E9 /* FinchApp.app */;
			productType = "com.apple.product-type.application";
		};
		31A353D820614DED003928E9 /* FinchAppTests */ = {
			isa = PBXNativeTarget;
			buildConfigurationList = 31A353F020614DEE003928E9 /* Build configuration list for PBXNativeTarget "FinchAppTests" */;
			buildPhases = (
				31A353D520614DED003928E9 /* Sources */,
				31A353D620614DED003928E9 /* Frameworks */,
				31A353D720614DED003928E9 /* Resources */,
			);
			buildRules = (
			);
			dependencies = (
				31A353DB20614DED003928E9 /* PBXTargetDependency */,
			);
			name = FinchAppTests;
			productName = FinchAppTests;
			productReference = 31A353D920614DED003928E9 /* FinchAppTests.xctest */;
			productType = "com.apple.product-type.bundle.unit-test";
		};
		31A353E320614DED003928E9 /* FinchAppUITests */ = {
			isa = PBXNativeTarget;
			buildConfigurationList = 31A353F320614DEE003928E9 /* Build configuration list for PBXNativeTarget "FinchAppUITests" */;
			buildPhases = (
				31A353E020614DED003928E9 /* Sources */,
				31A353E120614DED003928E9 /* Frameworks */,
				31A353E220614DED003928E9 /* Resources */,
			);
			buildRules = (
			);
			dependencies = (
				31A353E620614DED003928E9 /* PBXTargetDependency */,
			);
			name = FinchAppUITests;
			productName = FinchAppUITests;
			productReference = 31A353E420614DED003928E9 /* FinchAppUITests.xctest */;
			productType = "com.apple.product-type.bundle.ui-testing";
		};
/* End PBXNativeTarget section */

/* Begin PBXProject section */
		31A353BA20614DED003928E9 /* Project object */ = {
			isa = PBXProject;
			attributes = {
				LastSwiftUpdateCheck = 0920;
				LastUpgradeCheck = 0920;
				ORGANIZATIONNAME = none;
				TargetAttributes = {
					31A353C120614DED003928E9 = {
						CreatedOnToolsVersion = 9.2;
						ProvisioningStyle = Automatic;
					};
					31A353D820614DED003928E9 = {
						CreatedOnToolsVersion = 9.2;
						ProvisioningStyle = Automatic;
						TestTargetID = 31A353C120614DED003928E9;
					};
					31A353E320614DED003928E9 = {
						CreatedOnToolsVersion = 9.2;
						ProvisioningStyle = Automatic;
						TestTargetID = 31A353C120614DED003928E9;
					};
				};
			};
			buildConfigurationList = 31A353BD20614DED003928E9 /* Build configuration list for PBXProject "FinchApp" */;
			compatibilityVersion = "Xcode 8.0";
			developmentRegion = en;
			hasScannedForEncodings = 0;
			knownRegions = (
				en,
				Base,
			);
			mainGroup = 31A353B920614DED003928E9;
			productRefGroup = 31A353C320614DED003928E9 /* Products */;
			projectDirPath = "";
			projectRoot = "";
			targets = (
				31A353C120614DED003928E9 /* FinchApp */,
				31A353D820614DED003928E9 /* FinchAppTests */,
				31A353E320614DED003928E9 /* FinchAppUITests */,
			);
		};
/* End PBXProject section */

/* Begin PBXResourcesBuildPhase section */
		31A353C020614DED003928E9 /* Resources */ = {
			isa = PBXResourcesBuildPhase;
			buildActionMask = 2147483647;
			files = (
				31A353D320614DED003928E9 /* LaunchScreen.storyboard in Resources */,
				31A353FB2061509D003928E9 /* TopMenuViewController.xib in Resources */,
				31934E1D2066EDFA00B999DD /* BluetoothDeviceNames.plist in Resources */,
				31A353D020614DED003928E9 /* Assets.xcassets in Resources */,
				31A353CB20614DED003928E9 /* Main.storyboard in Resources */,
			);
			runOnlyForDeploymentPostprocessing = 0;
		};
		31A353D720614DED003928E9 /* Resources */ = {
			isa = PBXResourcesBuildPhase;
			buildActionMask = 2147483647;
			files = (
			);
			runOnlyForDeploymentPostprocessing = 0;
		};
		31A353E220614DED003928E9 /* Resources */ = {
			isa = PBXResourcesBuildPhase;
			buildActionMask = 2147483647;
			files = (
			);
			runOnlyForDeploymentPostprocessing = 0;
		};
/* End PBXResourcesBuildPhase section */

/* Begin PBXSourcesBuildPhase section */
		31A353BE20614DED003928E9 /* Sources */ = {
			isa = PBXSourcesBuildPhase;
			buildActionMask = 2147483647;
			files = (
				31934E1B2063F3E000B999DD /* FlutterUtilities.swift in Sources */,
				311E21B8207E588900D24B59 /* HSBColorPicker.swift in Sources */,
				311E21BF207E7BA800D24B59 /* ColorPickerViewController.swift in Sources */,
				31934E0D2063F0B200B999DD /* HummingbirdPeripheral.swift in Sources */,
				31A353C820614DED003928E9 /* ViewController.swift in Sources */,
				31A353FA2061509D003928E9 /* TopMenuViewController.swift in Sources */,
				31A353FD20615E97003928E9 /* Block.swift in Sources */,
				31934E172063F32400B999DD /* FinchPeripheral.swift in Sources */,
				31934E0C2063F0B200B999DD /* BBTRobotBLEPeripheral.swift in Sources */,
				31934E192063F32C00B999DD /* FlutterPeripheral.swift in Sources */,
				315C307E207A6EB100597549 /* LevelTableViewController.swift in Sources */,
				31CC1A812061807E00548D12 /* RobotsTableViewController.swift in Sources */,
				31934E132063F2E300B999DD /* BLECentralManager.swift in Sources */,
				31934E0F2063F1B600B999DD /* BBTRobotState.swift in Sources */,
				31A353C620614DED003928E9 /* AppDelegate.swift in Sources */,
				31A353CE20614DED003928E9 /* FinchApp.xcdatamodeld in Sources */,
				31934E112063F1FD00B999DD /* SharedUtilities.swift in Sources */,
				31934E152063F31800B999DD /* HummingbirdUtilities.swift in Sources */,
			);
			runOnlyForDeploymentPostprocessing = 0;
		};
		31A353D520614DED003928E9 /* Sources */ = {
			isa = PBXSourcesBuildPhase;
			buildActionMask = 2147483647;
			files = (
				31A353DE20614DED003928E9 /* FinchAppTests.swift in Sources */,
			);
			runOnlyForDeploymentPostprocessing = 0;
		};
		31A353E020614DED003928E9 /* Sources */ = {
			isa = PBXSourcesBuildPhase;
			buildActionMask = 2147483647;
			files = (
				31A353E920614DEE003928E9 /* FinchAppUITests.swift in Sources */,
			);
			runOnlyForDeploymentPostprocessing = 0;
		};
/* End PBXSourcesBuildPhase section */

/* Begin PBXTargetDependency section */
		31A353DB20614DED003928E9 /* PBXTargetDependency */ = {
			isa = PBXTargetDependency;
			target = 31A353C120614DED003928E9 /* FinchApp */;
			targetProxy = 31A353DA20614DED003928E9 /* PBXContainerItemProxy */;
		};
		31A353E620614DED003928E9 /* PBXTargetDependency */ = {
			isa = PBXTargetDependency;
			target = 31A353C120614DED003928E9 /* FinchApp */;
			targetProxy = 31A353E520614DED003928E9 /* PBXContainerItemProxy */;
		};
/* End PBXTargetDependency section */

/* Begin PBXVariantGroup section */
		31A353C920614DED003928E9 /* Main.storyboard */ = {
			isa = PBXVariantGroup;
			children = (
				31A353CA20614DED003928E9 /* Base */,
			);
			name = Main.storyboard;
			sourceTree = "<group>";
		};
		31A353D120614DED003928E9 /* LaunchScreen.storyboard */ = {
			isa = PBXVariantGroup;
			children = (
				31A353D220614DED003928E9 /* Base */,
			);
			name = LaunchScreen.storyboard;
			sourceTree = "<group>";
		};
/* End PBXVariantGroup section */

/* Begin XCBuildConfiguration section */
		31A353EB20614DEE003928E9 /* Debug */ = {
			isa = XCBuildConfiguration;
			buildSettings = {
				ALWAYS_SEARCH_USER_PATHS = NO;
				CLANG_ANALYZER_NONNULL = YES;
				CLANG_ANALYZER_NUMBER_OBJECT_CONVERSION = YES_AGGRESSIVE;
				CLANG_CXX_LANGUAGE_STANDARD = "gnu++14";
				CLANG_CXX_LIBRARY = "libc++";
				CLANG_ENABLE_MODULES = YES;
				CLANG_ENABLE_OBJC_ARC = YES;
				CLANG_WARN_BLOCK_CAPTURE_AUTORELEASING = YES;
				CLANG_WARN_BOOL_CONVERSION = YES;
				CLANG_WARN_COMMA = YES;
				CLANG_WARN_CONSTANT_CONVERSION = YES;
				CLANG_WARN_DIRECT_OBJC_ISA_USAGE = YES_ERROR;
				CLANG_WARN_DOCUMENTATION_COMMENTS = YES;
				CLANG_WARN_EMPTY_BODY = YES;
				CLANG_WARN_ENUM_CONVERSION = YES;
				CLANG_WARN_INFINITE_RECURSION = YES;
				CLANG_WARN_INT_CONVERSION = YES;
				CLANG_WARN_NON_LITERAL_NULL_CONVERSION = YES;
				CLANG_WARN_OBJC_LITERAL_CONVERSION = YES;
				CLANG_WARN_OBJC_ROOT_CLASS = YES_ERROR;
				CLANG_WARN_RANGE_LOOP_ANALYSIS = YES;
				CLANG_WARN_STRICT_PROTOTYPES = YES;
				CLANG_WARN_SUSPICIOUS_MOVE = YES;
				CLANG_WARN_UNGUARDED_AVAILABILITY = YES_AGGRESSIVE;
				CLANG_WARN_UNREACHABLE_CODE = YES;
				CLANG_WARN__DUPLICATE_METHOD_MATCH = YES;
				CODE_SIGN_IDENTITY = "iPhone Developer";
				COPY_PHASE_STRIP = NO;
				DEBUG_INFORMATION_FORMAT = dwarf;
				ENABLE_STRICT_OBJC_MSGSEND = YES;
				ENABLE_TESTABILITY = YES;
				GCC_C_LANGUAGE_STANDARD = gnu11;
				GCC_DYNAMIC_NO_PIC = NO;
				GCC_NO_COMMON_BLOCKS = YES;
				GCC_OPTIMIZATION_LEVEL = 0;
				GCC_PREPROCESSOR_DEFINITIONS = (
					"DEBUG=1",
					"$(inherited)",
				);
				GCC_WARN_64_TO_32_BIT_CONVERSION = YES;
				GCC_WARN_ABOUT_RETURN_TYPE = YES_ERROR;
				GCC_WARN_UNDECLARED_SELECTOR = YES;
				GCC_WARN_UNINITIALIZED_AUTOS = YES_AGGRESSIVE;
				GCC_WARN_UNUSED_FUNCTION = YES;
				GCC_WARN_UNUSED_VARIABLE = YES;
				IPHONEOS_DEPLOYMENT_TARGET = 11.2;
				MTL_ENABLE_DEBUG_INFO = YES;
				ONLY_ACTIVE_ARCH = YES;
				SDKROOT = iphoneos;
				SWIFT_ACTIVE_COMPILATION_CONDITIONS = DEBUG;
				SWIFT_OPTIMIZATION_LEVEL = "-Onone";
			};
			name = Debug;
		};
		31A353EC20614DEE003928E9 /* Release */ = {
			isa = XCBuildConfiguration;
			buildSettings = {
				ALWAYS_SEARCH_USER_PATHS = NO;
				CLANG_ANALYZER_NONNULL = YES;
				CLANG_ANALYZER_NUMBER_OBJECT_CONVERSION = YES_AGGRESSIVE;
				CLANG_CXX_LANGUAGE_STANDARD = "gnu++14";
				CLANG_CXX_LIBRARY = "libc++";
				CLANG_ENABLE_MODULES = YES;
				CLANG_ENABLE_OBJC_ARC = YES;
				CLANG_WARN_BLOCK_CAPTURE_AUTORELEASING = YES;
				CLANG_WARN_BOOL_CONVERSION = YES;
				CLANG_WARN_COMMA = YES;
				CLANG_WARN_CONSTANT_CONVERSION = YES;
				CLANG_WARN_DIRECT_OBJC_ISA_USAGE = YES_ERROR;
				CLANG_WARN_DOCUMENTATION_COMMENTS = YES;
				CLANG_WARN_EMPTY_BODY = YES;
				CLANG_WARN_ENUM_CONVERSION = YES;
				CLANG_WARN_INFINITE_RECURSION = YES;
				CLANG_WARN_INT_CONVERSION = YES;
				CLANG_WARN_NON_LITERAL_NULL_CONVERSION = YES;
				CLANG_WARN_OBJC_LITERAL_CONVERSION = YES;
				CLANG_WARN_OBJC_ROOT_CLASS = YES_ERROR;
				CLANG_WARN_RANGE_LOOP_ANALYSIS = YES;
				CLANG_WARN_STRICT_PROTOTYPES = YES;
				CLANG_WARN_SUSPICIOUS_MOVE = YES;
				CLANG_WARN_UNGUARDED_AVAILABILITY = YES_AGGRESSIVE;
				CLANG_WARN_UNREACHABLE_CODE = YES;
				CLANG_WARN__DUPLICATE_METHOD_MATCH = YES;
				CODE_SIGN_IDENTITY = "iPhone Developer";
				COPY_PHASE_STRIP = NO;
				DEBUG_INFORMATION_FORMAT = "dwarf-with-dsym";
				ENABLE_NS_ASSERTIONS = NO;
				ENABLE_STRICT_OBJC_MSGSEND = YES;
				GCC_C_LANGUAGE_STANDARD = gnu11;
				GCC_NO_COMMON_BLOCKS = YES;
				GCC_WARN_64_TO_32_BIT_CONVERSION = YES;
				GCC_WARN_ABOUT_RETURN_TYPE = YES_ERROR;
				GCC_WARN_UNDECLARED_SELECTOR = YES;
				GCC_WARN_UNINITIALIZED_AUTOS = YES_AGGRESSIVE;
				GCC_WARN_UNUSED_FUNCTION = YES;
				GCC_WARN_UNUSED_VARIABLE = YES;
				IPHONEOS_DEPLOYMENT_TARGET = 11.2;
				MTL_ENABLE_DEBUG_INFO = NO;
				SDKROOT = iphoneos;
				SWIFT_OPTIMIZATION_LEVEL = "-Owholemodule";
				VALIDATE_PRODUCT = YES;
			};
			name = Release;
		};
		31A353EE20614DEE003928E9 /* Debug */ = {
			isa = XCBuildConfiguration;
			buildSettings = {
				ASSETCATALOG_COMPILER_APPICON_NAME = AppIcon;
				CODE_SIGN_STYLE = Automatic;
				DEVELOPMENT_TEAM = 7MY6URYMQ2;
				INFOPLIST_FILE = FinchApp/Info.plist;
				IPHONEOS_DEPLOYMENT_TARGET = 9.0;
				LD_RUNPATH_SEARCH_PATHS = "$(inherited) @executable_path/Frameworks";
				PRODUCT_BUNDLE_IDENTIFIER = com.test.FinchApp;
				PRODUCT_NAME = "$(TARGET_NAME)";
				SWIFT_VERSION = 4.0;
				TARGETED_DEVICE_FAMILY = "1,2";
			};
			name = Debug;
		};
		31A353EF20614DEE003928E9 /* Release */ = {
			isa = XCBuildConfiguration;
			buildSettings = {
				ASSETCATALOG_COMPILER_APPICON_NAME = AppIcon;
				CODE_SIGN_STYLE = Automatic;
				DEVELOPMENT_TEAM = 7MY6URYMQ2;
				INFOPLIST_FILE = FinchApp/Info.plist;
				IPHONEOS_DEPLOYMENT_TARGET = 9.0;
				LD_RUNPATH_SEARCH_PATHS = "$(inherited) @executable_path/Frameworks";
				PRODUCT_BUNDLE_IDENTIFIER = com.test.FinchApp;
				PRODUCT_NAME = "$(TARGET_NAME)";
				SWIFT_VERSION = 4.0;
				TARGETED_DEVICE_FAMILY = "1,2";
			};
			name = Release;
		};
		31A353F120614DEE003928E9 /* Debug */ = {
			isa = XCBuildConfiguration;
			buildSettings = {
				ALWAYS_EMBED_SWIFT_STANDARD_LIBRARIES = YES;
				BUNDLE_LOADER = "$(TEST_HOST)";
				CODE_SIGN_STYLE = Automatic;
				DEVELOPMENT_TEAM = 7MY6URYMQ2;
				INFOPLIST_FILE = FinchAppTests/Info.plist;
				LD_RUNPATH_SEARCH_PATHS = "$(inherited) @executable_path/Frameworks @loader_path/Frameworks";
				PRODUCT_BUNDLE_IDENTIFIER = com.test.FinchAppTests;
				PRODUCT_NAME = "$(TARGET_NAME)";
				SWIFT_VERSION = 4.0;
				TARGETED_DEVICE_FAMILY = "1,2";
				TEST_HOST = "$(BUILT_PRODUCTS_DIR)/FinchApp.app/FinchApp";
			};
			name = Debug;
		};
		31A353F220614DEE003928E9 /* Release */ = {
			isa = XCBuildConfiguration;
			buildSettings = {
				ALWAYS_EMBED_SWIFT_STANDARD_LIBRARIES = YES;
				BUNDLE_LOADER = "$(TEST_HOST)";
				CODE_SIGN_STYLE = Automatic;
				DEVELOPMENT_TEAM = 7MY6URYMQ2;
				INFOPLIST_FILE = FinchAppTests/Info.plist;
				LD_RUNPATH_SEARCH_PATHS = "$(inherited) @executable_path/Frameworks @loader_path/Frameworks";
				PRODUCT_BUNDLE_IDENTIFIER = com.test.FinchAppTests;
				PRODUCT_NAME = "$(TARGET_NAME)";
				SWIFT_VERSION = 4.0;
				TARGETED_DEVICE_FAMILY = "1,2";
				TEST_HOST = "$(BUILT_PRODUCTS_DIR)/FinchApp.app/FinchApp";
			};
			name = Release;
		};
		31A353F420614DEE003928E9 /* Debug */ = {
			isa = XCBuildConfiguration;
			buildSettings = {
				ALWAYS_EMBED_SWIFT_STANDARD_LIBRARIES = YES;
				CODE_SIGN_STYLE = Automatic;
				DEVELOPMENT_TEAM = 7MY6URYMQ2;
				INFOPLIST_FILE = FinchAppUITests/Info.plist;
				LD_RUNPATH_SEARCH_PATHS = "$(inherited) @executable_path/Frameworks @loader_path/Frameworks";
				PRODUCT_BUNDLE_IDENTIFIER = com.test.FinchAppUITests;
				PRODUCT_NAME = "$(TARGET_NAME)";
				SWIFT_VERSION = 4.0;
				TARGETED_DEVICE_FAMILY = "1,2";
				TEST_TARGET_NAME = FinchApp;
			};
			name = Debug;
		};
		31A353F520614DEE003928E9 /* Release */ = {
			isa = XCBuildConfiguration;
			buildSettings = {
				ALWAYS_EMBED_SWIFT_STANDARD_LIBRARIES = YES;
				CODE_SIGN_STYLE = Automatic;
				DEVELOPMENT_TEAM = 7MY6URYMQ2;
				INFOPLIST_FILE = FinchAppUITests/Info.plist;
				LD_RUNPATH_SEARCH_PATHS = "$(inherited) @executable_path/Frameworks @loader_path/Frameworks";
				PRODUCT_BUNDLE_IDENTIFIER = com.test.FinchAppUITests;
				PRODUCT_NAME = "$(TARGET_NAME)";
				SWIFT_VERSION = 4.0;
				TARGETED_DEVICE_FAMILY = "1,2";
				TEST_TARGET_NAME = FinchApp;
			};
			name = Release;
		};
/* End XCBuildConfiguration section */

/* Begin XCConfigurationList section */
		31A353BD20614DED003928E9 /* Build configuration list for PBXProject "FinchApp" */ = {
			isa = XCConfigurationList;
			buildConfigurations = (
				31A353EB20614DEE003928E9 /* Debug */,
				31A353EC20614DEE003928E9 /* Release */,
			);
			defaultConfigurationIsVisible = 0;
			defaultConfigurationName = Release;
		};
		31A353ED20614DEE003928E9 /* Build configuration list for PBXNativeTarget "FinchApp" */ = {
			isa = XCConfigurationList;
			buildConfigurations = (
				31A353EE20614DEE003928E9 /* Debug */,
				31A353EF20614DEE003928E9 /* Release */,
			);
			defaultConfigurationIsVisible = 0;
			defaultConfigurationName = Release;
		};
		31A353F020614DEE003928E9 /* Build configuration list for PBXNativeTarget "FinchAppTests" */ = {
			isa = XCConfigurationList;
			buildConfigurations = (
				31A353F120614DEE003928E9 /* Debug */,
				31A353F220614DEE003928E9 /* Release */,
			);
			defaultConfigurationIsVisible = 0;
			defaultConfigurationName = Release;
		};
		31A353F320614DEE003928E9 /* Build configuration list for PBXNativeTarget "FinchAppUITests" */ = {
			isa = XCConfigurationList;
			buildConfigurations = (
				31A353F420614DEE003928E9 /* Debug */,
				31A353F520614DEE003928E9 /* Release */,
			);
			defaultConfigurationIsVisible = 0;
			defaultConfigurationName = Release;
		};
/* End XCConfigurationList section */

/* Begin XCVersionGroup section */
		31A353CC20614DED003928E9 /* FinchApp.xcdatamodeld */ = {
			isa = XCVersionGroup;
			children = (
				31A353CD20614DED003928E9 /* FinchApp.xcdatamodel */,
			);
			currentVersion = 31A353CD20614DED003928E9 /* FinchApp.xcdatamodel */;
			path = FinchApp.xcdatamodeld;
			sourceTree = "<group>";
			versionGroupType = wrapper.xcdatamodel;
		};
/* End XCVersionGroup section */
	};
	rootObject = 31A353BA20614DED003928E9 /* Project object */;
}
